
Microsoft Visual Studio Solution File, Format Version 12.00
# Visual Studio Version 17
VisualStudioVersion = 17.4.33213.308
MinimumVisualStudioVersion = 10.0.40219.1
Project("{9A19103F-16F7-4668-BE54-9A1E7A4F7556}") = "EmployeeManagement", "EmployeeManagement\EmployeeManagement.csproj", "{4E74C461-2655-49B1-8A7F-6E543B5702F9}"
EndProject
Project("{9A19103F-16F7-4668-BE54-9A1E7A4F7556}") = "Common.WPF", "Common.WPF\Common.WPF.csproj", "{57CBDEB5-3CE4-42A0-924B-79B34B5FC077}"
EndProject
Project("{9A19103F-16F7-4668-BE54-9A1E7A4F7556}") = "EmployeeManagement.Tests", "EmployeeManagement.Tests\EmployeeManagement.Tests.csproj", "{2C4AF524-2509-4ACA-AAF3-453269459DA2}"
EndProject
Project("{9A19103F-16F7-4668-BE54-9A1E7A4F7556}") = "Common.API", "Common.API\Common.API.csproj", "{CDA58666-3A35-4C76-8EE5-9ABE424CD50D}"
EndProject
Project("{FAE04EC0-301F-11D3-BF4B-00C04F79EFBC}") = "Common.Utilities", "Common.Utilities\Common.Utilities.csproj", "{BB471302-DF6B-4A6E-8D17-3A486EC5D886}"
EndProject
Global
	GlobalSection(SolutionConfigurationPlatforms) = preSolution
		Debug|Any CPU = Debug|Any CPU
		Release|Any CPU = Release|Any CPU
	EndGlobalSection
	GlobalSection(ProjectConfigurationPlatforms) = postSolution
		{4E74C461-2655-49B1-8A7F-6E543B5702F9}.Debug|Any CPU.ActiveCfg = Debug|Any CPU
		{4E74C461-2655-49B1-8A7F-6E543B5702F9}.Debug|Any CPU.Build.0 = Debug|Any CPU
		{4E74C461-2655-49B1-8A7F-6E543B5702F9}.Release|Any CPU.ActiveCfg = Release|Any CPU
		{4E74C461-2655-49B1-8A7F-6E543B5702F9}.Release|Any CPU.Build.0 = Release|Any CPU
		{57CBDEB5-3CE4-42A0-924B-79B34B5FC077}.Debug|Any CPU.ActiveCfg = Debug|Any CPU
		{57CBDEB5-3CE4-42A0-924B-79B34B5FC077}.Debug|Any CPU.Build.0 = Debug|Any CPU
		{57CBDEB5-3CE4-42A0-924B-79B34B5FC077}.Release|Any CPU.ActiveCfg = Release|Any CPU
		{57CBDEB5-3CE4-42A0-924B-79B34B5FC077}.Release|Any CPU.Build.0 = Release|Any CPU
		{2C4AF524-2509-4ACA-AAF3-453269459DA2}.Debug|Any CPU.ActiveCfg = Debug|Any CPU
		{2C4AF524-2509-4ACA-AAF3-453269459DA2}.Debug|Any CPU.Build.0 = Debug|Any CPU
		{2C4AF524-2509-4ACA-AAF3-453269459DA2}.Release|Any CPU.ActiveCfg = Release|Any CPU
		{2C4AF524-2509-4ACA-AAF3-453269459DA2}.Release|Any CPU.Build.0 = Release|Any CPU
		{CDA58666-3A35-4C76-8EE5-9ABE424CD50D}.Debug|Any CPU.ActiveCfg = Debug|Any CPU
		{CDA58666-3A35-4C76-8EE5-9ABE424CD50D}.Debug|Any CPU.Build.0 = Debug|Any CPU
		{CDA58666-3A35-4C76-8EE5-9ABE424CD50D}.Release|Any CPU.ActiveCfg = Release|Any CPU
		{CDA58666-3A35-4C76-8EE5-9ABE424CD50D}.Release|Any CPU.Build.0 = Release|Any CPU
		{BB471302-DF6B-4A6E-8D17-3A486EC5D886}.Debug|Any CPU.ActiveCfg = Debug|Any CPU
		{BB471302-DF6B-4A6E-8D17-3A486EC5D886}.Debug|Any CPU.Build.0 = Debug|Any CPU
		{BB471302-DF6B-4A6E-8D17-3A486EC5D886}.Release|Any CPU.ActiveCfg = Release|Any CPU
		{BB471302-DF6B-4A6E-8D17-3A486EC5D886}.Release|Any CPU.Build.0 = Release|Any CPU
	EndGlobalSection
	GlobalSection(SolutionProperties) = preSolution
		HideSolutionNode = FALSE
	EndGlobalSection
	GlobalSection(ExtensibilityGlobals) = postSolution
		SolutionGuid = {0F9408CB-0075-4DCC-812E-7AD843483E93}
	EndGlobalSection
EndGlobal
