
Microsoft Visual Studio Solution File, Format Version 12.00
# Visual Studio Version 17
VisualStudioVersion = 17.4.33213.308
MinimumVisualStudioVersion = 10.0.40219.1
Project("{FAE04EC0-301F-11D3-BF4B-00C04F79EFBC}") = "EmployeeManagement", "EmployeeManagement\EmployeeManagement.csproj", "{4E74C461-2655-49B1-8A7F-6E543B5702F9}"
EndProject
Project("{FAE04EC0-301F-11D3-BF4B-00C04F79EFBC}") = "Common.WPF", "Common.WPF\Common.WPF.csproj", "{57CBDEB5-3CE4-42A0-924B-79B34B5FC077}"
EndProject
Global
	GlobalSection(SolutionConfigurationPlatforms) = preSolution
		Debug|Any CPU = Debug|Any CPU
		Release|Any CPU = Release|Any CPU
	EndGlobalSection
	GlobalSection(ProjectConfigurationPlatforms) = postSolution
		{4E74C461-2655-49B1-8A7F-6E543B5702F9}.Debug|Any CPU.ActiveCfg = Debug|Any CPU
		{4E74C461-2655-49B1-8A7F-6E543B5702F9}.Debug|Any CPU.Build.0 = Debug|Any CPU
		{4E74C461-2655-49B1-8A7F-6E543B5702F9}.Release|Any CPU.ActiveCfg = Release|Any CPU
		{4E74C461-2655-49B1-8A7F-6E543B5702F9}.Release|Any CPU.Build.0 = Release|Any CPU
		{57CBDEB5-3CE4-42A0-924B-79B34B5FC077}.Debug|Any CPU.ActiveCfg = Debug|Any CPU
		{57CBDEB5-3CE4-42A0-924B-79B34B5FC077}.Debug|Any CPU.Build.0 = Debug|Any CPU
		{57CBDEB5-3CE4-42A0-924B-79B34B5FC077}.Release|Any CPU.ActiveCfg = Release|Any CPU
		{57CBDEB5-3CE4-42A0-924B-79B34B5FC077}.Release|Any CPU.Build.0 = Release|Any CPU
	EndGlobalSection
	GlobalSection(SolutionProperties) = preSolution
		HideSolutionNode = FALSE
	EndGlobalSection
	GlobalSection(ExtensibilityGlobals) = postSolution
		SolutionGuid = {0F9408CB-0075-4DCC-812E-7AD843483E93}
	EndGlobalSection
EndGlobal
